version: 2.0
shards:
  ameba:
    git: https://github.com/crystal-ameba/ameba.git
    version: 1.7.0

  ansi:
    git: https://github.com/dsisnero/ansi.git
    version: 0.1.0+git.commit.4cf33c14c2ff5da0ac7ed38a2f0aa7eb4128f209

  baked_file_system:
    git: https://github.com/schovi/baked_file_system.git
    version: 0.14.1+git.commit.559a49ab2a7242f60bfd0e939f6b0c70b96b575a

  bidi:
    git: https://github.com/dsisnero/bidi.git
    version: 0.5.0

  bm25:
    git: https://github.com/dsisnero/bm25.git
    version: 0.1.0+git.commit.758c82971b4a7aee22f8bc48795cb47bff637bb4

  cellwrap:
    git: https://github.com/dsisnero/cellwrap.git
    version: 0.1.0+git.commit.d898f154af8cdf6ac85cfc72a24f4a354be3d88b

  cgl:
    git: https://github.com/romainfranceschini/cgl.git
    version: 0.2.0

  clip:
    git: https://github.com/erdnaxeli/clip.git
    version: 0.2.4

  colorful:
    git: https://github.com/dsisnero/colorful.git
    version: 0.1.0+git.commit.f6fbe31e048dab06783e34b82f52d7527763f7eb

  colorprofile:
    git: https://github.com/dsisnero/colorprofile.git
    version: 0.1.1

  crig:
    git: https://github.com/dsisnero/crig.git
    version: 0.39.1+git.commit.0692edfc113700d50d71b22307b7f373af738f53

  crig-postgres:
    git: https://github.com/dsisnero/crig-postgres.git
    version: 0.1.0+git.commit.872d02e6172402668d155f13038d5962d319d1cc

  crig-sqlite:
    git: https://github.com/dsisnero/crig-sqlite.git
    version: 0.1.0+git.commit.913d45856ec0684634e881a00efc030288aea705

  crimage:
    git: https://github.com/naqvis/crimage.git
    version: 1.0.5+git.commit.7d3244a3850646e3d398cef071f7c3e3f52c7518

  crolog:
    git: https://github.com/dsisnero/crolog.git
    version: 0.0.2+git.commit.984f92fe994877400e3dc32f0a6abdd03649316a

  db:
    git: https://github.com/crystal-lang/crystal-db.git
    version: 0.14.0

  dir-walk:
    git: https://github.com/dsisnero/dir-walk.git
    version: 0.1.0+git.commit.a780125653117b4d2e9d3d01179a04523943ebec

  discordcr:
    git: https://github.com/shardlab/discordcr.git
    version: 0.4.1

  golden:
    git: https://github.com/dsisnero/golden.git
    version: 0.3.0

  json-schema:
    git: https://github.com/spider-gazelle/json-schema.git
    version: 1.3.3

  lipgloss:
    git: https://github.com/dsisnero/lipgloss.git
    version: 2.0.4

  mcp:
    git: https://github.com/dsisnero/mcp.cr.git
    version: 0.5.7

  mosaic:
    git: https://github.com/dsisnero/mosaic.git
    version: 0.1.0+git.commit.efe05c232d6da4cf24ccceafa5b26a01314bfa94

  pdfbox:
    git: https://github.com/dsisnero/pdfbox.git
    version: 0.1.0+git.commit.6d263f2c65c068b02d42885b2abd2fc9f592b2a8

  pg:
    git: https://github.com/will/crystal-pg.git
    version: 0.30.0+git.commit.9ce74e0c72b93a7c4ceca8b2f6fee00038108c74

  similar:
    git: https://github.com/dsisnero/similar.cr.git
    version: 0.1.0+git.commit.52cfbb2cf1295fabc0a4bf2405819181bcae6046

  sqlite3:
    git: https://github.com/dsisnero/crystal-sqlite3.git
    version: 0.22.0+git.commit.0f06a9de2c373e73496e25ed29f1a38f006d1003

  stumpy_core:
    git: https://github.com/stumpycr/stumpy_core.git
    version: 1.9.1

  stumpy_png:
    git: https://github.com/stumpycr/stumpy_png.git
    version: 5.0.1

  sync-map:
    git: https://github.com/dsisnero/sync-map.git
    version: 0.1.4

  terminfo:
    git: https://github.com/dsisnero/terminfo.git
    version: 0.8.2

  text-splitter:
    git: https://github.com/dsisnero/text-splitter.cr.git
    version: 0.1.0+git.commit.24c6b35460f3b483c452eae29c84bc8e03d7f229

  textseg:
    git: https://github.com/naqvis/uni_text_seg.git
    version: 0.1.3

  tracing:
    git: https://github.com/dsisnero/tracing.cr.git
    version: 0.5.2

  tree-sitter-manager:
    git: https://github.com/dsisnero/tree-sitter-manager.git
    version: 0.1.0+git.commit.9f7ceadb34d9a9c39b97d315bc022684df7b1ddf

  tree_sitter:
    git: https://github.com/dsisnero/crystal-tree-sitter.git
    version: 0.4.0

  ultraviolet:
    git: https://github.com/dsisnero/ultraviolet.git
    version: 1.1.1

  uniwidth:
    git: https://github.com/naqvis/uni_char_width.git
    version: 0.1.3

  z3:
    git: https://github.com/taw/crystal-z3.git
    version: 0.2.0+git.commit.d48095999e27f5c78226ae1cd3940b418b1a60da

