version: 2.0
shards:
  ameba:
    git: https://github.com/crystal-ameba/ameba.git
    version: 1.6.4

  bidi:
    git: https://github.com/dsisnero/bidi.git
    version: 0.1.0+git.commit.a849cf60bac065668fe70e5ce09854b2bd5f5cbc

  cml:
    git: https://github.com/dsisnero/cml.git
    version: 0.5.0+git.commit.b7bfd828d2533fc3f5e2bade212f8a5eba240daf

  crig:
    git: https://github.com/dsisnero/crig.git
    version: 0.1.0+git.commit.70002f9a30535b68a52321da0d3ca39a732e6426

  crig-postgres:
    git: https://github.com/dsisnero/crig-postgres.git
    version: 0.1.0+git.commit.24e5d9ff3342a4a030246e87cd1dad2a12fc542d

  crig-sqlite:
    git: https://github.com/dsisnero/crig-sqlite.git
    version: 0.1.0+git.commit.913d45856ec0684634e881a00efc030288aea705

  crimage:
    git: https://github.com/naqvis/crimage.git
    version: 1.0.5+git.commit.2b3abbcdca426a2a13a39b986326f9a2f7f65bc6

  crolog:
    git: https://github.com/dsisnero/crolog.git
    version: 0.0.2+git.commit.984f92fe994877400e3dc32f0a6abdd03649316a

  db:
    git: https://github.com/crystal-lang/crystal-db.git
    version: 0.14.0

  discordcr:
    git: https://github.com/shardlab/discordcr.git
    version: 0.4.1

  json-schema:
    git: https://github.com/spider-gazelle/json-schema.git
    version: 1.3.2

  mcp:
    git: https://github.com/spider-gazelle/mcp.cr.git
    version: 0.2.0+git.commit.d6ca3e5a3ad37e394af7cf91a2c0717f73cd232f

  pdfbox:
    git: https://github.com/dsisnero/pdfbox.git
    version: 0.1.0+git.commit.ae434c50b22ad54ce4f630136e8c18d52d0053be

  pg:
    git: https://github.com/will/crystal-pg.git
    version: 0.29.0+git.commit.c16d54814405e2b9748d9bddc3d8ce0d41d2190f

  sqlite3:
    git: https://github.com/dsisnero/crystal-sqlite3.git
    version: 0.22.0+git.commit.0f06a9de2c373e73496e25ed29f1a38f006d1003

  tree_sitter:
    git: https://github.com/dsisnero/crystal-tree-sitter.git
    version: 0.1.0+git.commit.83a79b7d58e9f40978a2fa3a9c2058a1ad93f8df

  z3:
    git: https://github.com/taw/crystal-z3.git
    version: 0.2.0+git.commit.8d7da29692b8e04a852c15be2eda5b49a31d1036

